
Microsoft Visual Studio Solution File, Format Version 12.00
# Visual Studio Version 17
VisualStudioVersion = 17.0.31912.275
MinimumVisualStudioVersion = 10.0.40219.1
Project("{9A19103F-16F7-4668-BE54-9A1E7A4F7556}") = "day1", "day1\day1.csproj", "{814DA164-36D4-42B9-B62E-62F841BB0BD0}"
EndProject
Project("{FAE04EC0-301F-11D3-BF4B-00C04F79EFBC}") = "FileHandling", "FileHandling\FileHandling.csproj", "{75100F1E-27EC-4D6E-B6AB-4DEB1DBCE3E0}"
EndProject
Global
	GlobalSection(SolutionConfigurationPlatforms) = preSolution
		Debug|Any CPU = Debug|Any CPU
		Release|Any CPU = Release|Any CPU
	EndGlobalSection
	GlobalSection(ProjectConfigurationPlatforms) = postSolution
		{814DA164-36D4-42B9-B62E-62F841BB0BD0}.Debug|Any CPU.ActiveCfg = Debug|Any CPU
		{814DA164-36D4-42B9-B62E-62F841BB0BD0}.Debug|Any CPU.Build.0 = Debug|Any CPU
		{814DA164-36D4-42B9-B62E-62F841BB0BD0}.Release|Any CPU.ActiveCfg = Release|Any CPU
		{814DA164-36D4-42B9-B62E-62F841BB0BD0}.Release|Any CPU.Build.0 = Release|Any CPU
		{75100F1E-27EC-4D6E-B6AB-4DEB1DBCE3E0}.Debug|Any CPU.ActiveCfg = Debug|Any CPU
		{75100F1E-27EC-4D6E-B6AB-4DEB1DBCE3E0}.Debug|Any CPU.Build.0 = Debug|Any CPU
		{75100F1E-27EC-4D6E-B6AB-4DEB1DBCE3E0}.Release|Any CPU.ActiveCfg = Release|Any CPU
		{75100F1E-27EC-4D6E-B6AB-4DEB1DBCE3E0}.Release|Any CPU.Build.0 = Release|Any CPU
	EndGlobalSection
	GlobalSection(SolutionProperties) = preSolution
		HideSolutionNode = FALSE
	EndGlobalSection
	GlobalSection(ExtensibilityGlobals) = postSolution
		SolutionGuid = {14DCA45B-5923-451A-9EA9-81A87CD1724F}
	EndGlobalSection
EndGlobal
